
Microsoft Visual Studio Solution File, Format Version 12.00
# Visual Studio Version 17
VisualStudioVersion = 17.3.32922.545
MinimumVisualStudioVersion = 10.0.40219.1
Project("{9A19103F-16F7-4668-BE54-9A1E7A4F7556}") = "PdfPasswordRemover", "PdfPasswordRemover.csproj", "{A709835F-0E8E-4CE1-B5BD-637B71B60382}"
EndProject
Global
	GlobalSection(SolutionConfigurationPlatforms) = preSolution
		Debug|Any CPU = Debug|Any CPU
		Release|Any CPU = Release|Any CPU
	EndGlobalSection
	GlobalSection(ProjectConfigurationPlatforms) = postSolution
		{A709835F-0E8E-4CE1-B5BD-637B71B60382}.Debug|Any CPU.ActiveCfg = Debug|Any CPU
		{A709835F-0E8E-4CE1-B5BD-637B71B60382}.Debug|Any CPU.Build.0 = Debug|Any CPU
		{A709835F-0E8E-4CE1-B5BD-637B71B60382}.Release|Any CPU.ActiveCfg = Release|Any CPU
		{A709835F-0E8E-4CE1-B5BD-637B71B60382}.Release|Any CPU.Build.0 = Release|Any CPU
	EndGlobalSection
	GlobalSection(SolutionProperties) = preSolution
		HideSolutionNode = FALSE
	EndGlobalSection
	GlobalSection(ExtensibilityGlobals) = postSolution
		SolutionGuid = {4E058AF4-4483-42BB-88F8-6E0DC5B873BA}
	EndGlobalSection
EndGlobal
